
Microsoft Visual Studio Solution File, Format Version 12.00
# Visual Studio Version 16
VisualStudioVersion = 16.0.29306.81
MinimumVisualStudioVersion = 10.0.40219.1
Project("{FAE04EC0-301F-11D3-BF4B-00C04F79EFBC}") = "caloriestracker", "caloriestracker\caloriestracker.csproj", "{1E78B374-D495-442F-8665-96C7BAAFA8B6}"
EndProject
Global
	GlobalSection(SolutionConfigurationPlatforms) = preSolution
		Debug|Any CPU = Debug|Any CPU
		Release|Any CPU = Release|Any CPU
	EndGlobalSection
	GlobalSection(ProjectConfigurationPlatforms) = postSolution
		{1E78B374-D495-442F-8665-96C7BAAFA8B6}.Debug|Any CPU.ActiveCfg = Debug|Any CPU
		{1E78B374-D495-442F-8665-96C7BAAFA8B6}.Debug|Any CPU.Build.0 = Debug|Any CPU
		{1E78B374-D495-442F-8665-96C7BAAFA8B6}.Release|Any CPU.ActiveCfg = Release|Any CPU
		{1E78B374-D495-442F-8665-96C7BAAFA8B6}.Release|Any CPU.Build.0 = Release|Any CPU
	EndGlobalSection
	GlobalSection(SolutionProperties) = preSolution
		HideSolutionNode = FALSE
	EndGlobalSection
	GlobalSection(ExtensibilityGlobals) = postSolution
		SolutionGuid = {8E00E6E9-0769-4639-8670-92DE14E92FCF}
	EndGlobalSection
EndGlobal
